
Microsoft Visual Studio Solution File, Format Version 12.00
# Visual Studio 15
VisualStudioVersion = 15.0.27428.2015
MinimumVisualStudioVersion = 10.0.40219.1
Project("{9A19103F-16F7-4668-BE54-9A1E7A4F7556}") = "AfricaTransferAPI", "AfricaTransferAPI\AfricaTransferAPI.csproj", "{1CC9AF17-FDBE-4A51-9393-70F4E1D08C39}"
EndProject
Project("{FAE04EC0-301F-11D3-BF4B-00C04F79EFBC}") = "AfricaTransfer.Mob.Android", "AfricaTransfer.Mob\AfricaTransfer.Mob.Android\AfricaTransfer.Mob.Android.csproj", "{C1B95568-36D9-489C-A2A0-6C869317F9A2}"
EndProject
Project("{FAE04EC0-301F-11D3-BF4B-00C04F79EFBC}") = "AfricaTransfer.Mob.UWP", "AfricaTransfer.Mob\AfricaTransfer.Mob.UWP\AfricaTransfer.Mob.UWP.csproj", "{643BEEB8-B82D-4A46-B26D-F544B6A92270}"
EndProject
Project("{9A19103F-16F7-4668-BE54-9A1E7A4F7556}") = "AfricaTransfer.Mob", "AfricaTransfer.Mob\AfricaTransfer.Mob\AfricaTransfer.Mob.csproj", "{60910066-7196-4C0D-A403-7BCFCD94EB0E}"
EndProject
Project("{9A19103F-16F7-4668-BE54-9A1E7A4F7556}") = "AfricaTransfer.CoreLib", "AfricaTransfer.CoreLib\AfricaTransfer.CoreLib.csproj", "{F2CE8348-7853-4653-AD25-B5BDAE7CC1A7}"
EndProject
Project("{2150E333-8FDC-42A3-9474-1A3956D46DE8}") = "Solution Items", "Solution Items", "{0658E386-6710-4DAD-937F-5F24B239705C}"
	ProjectSection(SolutionItems) = preProject
		.editorconfig = .editorconfig
	EndProjectSection
EndProject
Project("{FAE04EC0-301F-11D3-BF4B-00C04F79EFBC}") = "AfricaTransfer.CoreLib.TestClient", "AfricaTransfer.CoreLib.TestClient\AfricaTransfer.CoreLib.TestClient.csproj", "{AA031D2F-1B76-47BE-9188-8ED01CA7F9BA}"
EndProject
Global
	GlobalSection(SolutionConfigurationPlatforms) = preSolution
		Debug|Any CPU = Debug|Any CPU
		Debug|ARM = Debug|ARM
		Debug|x64 = Debug|x64
		Debug|x86 = Debug|x86
		Release|Any CPU = Release|Any CPU
		Release|ARM = Release|ARM
		Release|x64 = Release|x64
		Release|x86 = Release|x86
	EndGlobalSection
	GlobalSection(ProjectConfigurationPlatforms) = postSolution
		{1CC9AF17-FDBE-4A51-9393-70F4E1D08C39}.Debug|Any CPU.ActiveCfg = Debug|Any CPU
		{1CC9AF17-FDBE-4A51-9393-70F4E1D08C39}.Debug|Any CPU.Build.0 = Debug|Any CPU
		{1CC9AF17-FDBE-4A51-9393-70F4E1D08C39}.Debug|ARM.ActiveCfg = Debug|Any CPU
		{1CC9AF17-FDBE-4A51-9393-70F4E1D08C39}.Debug|ARM.Build.0 = Debug|Any CPU
		{1CC9AF17-FDBE-4A51-9393-70F4E1D08C39}.Debug|x64.ActiveCfg = Debug|Any CPU
		{1CC9AF17-FDBE-4A51-9393-70F4E1D08C39}.Debug|x64.Build.0 = Debug|Any CPU
		{1CC9AF17-FDBE-4A51-9393-70F4E1D08C39}.Debug|x86.ActiveCfg = Debug|Any CPU
		{1CC9AF17-FDBE-4A51-9393-70F4E1D08C39}.Debug|x86.Build.0 = Debug|Any CPU
		{1CC9AF17-FDBE-4A51-9393-70F4E1D08C39}.Release|Any CPU.ActiveCfg = Release|Any CPU
		{1CC9AF17-FDBE-4A51-9393-70F4E1D08C39}.Release|Any CPU.Build.0 = Release|Any CPU
		{1CC9AF17-FDBE-4A51-9393-70F4E1D08C39}.Release|ARM.ActiveCfg = Release|Any CPU
		{1CC9AF17-FDBE-4A51-9393-70F4E1D08C39}.Release|ARM.Build.0 = Release|Any CPU
		{1CC9AF17-FDBE-4A51-9393-70F4E1D08C39}.Release|x64.ActiveCfg = Release|Any CPU
		{1CC9AF17-FDBE-4A51-9393-70F4E1D08C39}.Release|x64.Build.0 = Release|Any CPU
		{1CC9AF17-FDBE-4A51-9393-70F4E1D08C39}.Release|x86.ActiveCfg = Release|Any CPU
		{1CC9AF17-FDBE-4A51-9393-70F4E1D08C39}.Release|x86.Build.0 = Release|Any CPU
		{C1B95568-36D9-489C-A2A0-6C869317F9A2}.Debug|Any CPU.ActiveCfg = Debug|Any CPU
		{C1B95568-36D9-489C-A2A0-6C869317F9A2}.Debug|Any CPU.Build.0 = Debug|Any CPU
		{C1B95568-36D9-489C-A2A0-6C869317F9A2}.Debug|Any CPU.Deploy.0 = Debug|Any CPU
		{C1B95568-36D9-489C-A2A0-6C869317F9A2}.Debug|ARM.ActiveCfg = Debug|Any CPU
		{C1B95568-36D9-489C-A2A0-6C869317F9A2}.Debug|ARM.Build.0 = Debug|Any CPU
		{C1B95568-36D9-489C-A2A0-6C869317F9A2}.Debug|ARM.Deploy.0 = Debug|Any CPU
		{C1B95568-36D9-489C-A2A0-6C869317F9A2}.Debug|x64.ActiveCfg = Debug|Any CPU
		{C1B95568-36D9-489C-A2A0-6C869317F9A2}.Debug|x64.Build.0 = Debug|Any CPU
		{C1B95568-36D9-489C-A2A0-6C869317F9A2}.Debug|x64.Deploy.0 = Debug|Any CPU
		{C1B95568-36D9-489C-A2A0-6C869317F9A2}.Debug|x86.ActiveCfg = Debug|Any CPU
		{C1B95568-36D9-489C-A2A0-6C869317F9A2}.Debug|x86.Build.0 = Debug|Any CPU
		{C1B95568-36D9-489C-A2A0-6C869317F9A2}.Debug|x86.Deploy.0 = Debug|Any CPU
		{C1B95568-36D9-489C-A2A0-6C869317F9A2}.Release|Any CPU.ActiveCfg = Release|Any CPU
		{C1B95568-36D9-489C-A2A0-6C869317F9A2}.Release|Any CPU.Build.0 = Release|Any CPU
		{C1B95568-36D9-489C-A2A0-6C869317F9A2}.Release|Any CPU.Deploy.0 = Release|Any CPU
		{C1B95568-36D9-489C-A2A0-6C869317F9A2}.Release|ARM.ActiveCfg = Release|Any CPU
		{C1B95568-36D9-489C-A2A0-6C869317F9A2}.Release|ARM.Build.0 = Release|Any CPU
		{C1B95568-36D9-489C-A2A0-6C869317F9A2}.Release|ARM.Deploy.0 = Release|Any CPU
		{C1B95568-36D9-489C-A2A0-6C869317F9A2}.Release|x64.ActiveCfg = Release|Any CPU
		{C1B95568-36D9-489C-A2A0-6C869317F9A2}.Release|x64.Build.0 = Release|Any CPU
		{C1B95568-36D9-489C-A2A0-6C869317F9A2}.Release|x64.Deploy.0 = Release|Any CPU
		{C1B95568-36D9-489C-A2A0-6C869317F9A2}.Release|x86.ActiveCfg = Release|Any CPU
		{C1B95568-36D9-489C-A2A0-6C869317F9A2}.Release|x86.Build.0 = Release|Any CPU
		{C1B95568-36D9-489C-A2A0-6C869317F9A2}.Release|x86.Deploy.0 = Release|Any CPU
		{643BEEB8-B82D-4A46-B26D-F544B6A92270}.Debug|Any CPU.ActiveCfg = Debug|x86
		{643BEEB8-B82D-4A46-B26D-F544B6A92270}.Debug|ARM.ActiveCfg = Debug|ARM
		{643BEEB8-B82D-4A46-B26D-F544B6A92270}.Debug|ARM.Build.0 = Debug|ARM
		{643BEEB8-B82D-4A46-B26D-F544B6A92270}.Debug|ARM.Deploy.0 = Debug|ARM
		{643BEEB8-B82D-4A46-B26D-F544B6A92270}.Debug|x64.ActiveCfg = Debug|x64
		{643BEEB8-B82D-4A46-B26D-F544B6A92270}.Debug|x64.Build.0 = Debug|x64
		{643BEEB8-B82D-4A46-B26D-F544B6A92270}.Debug|x64.Deploy.0 = Debug|x64
		{643BEEB8-B82D-4A46-B26D-F544B6A92270}.Debug|x86.ActiveCfg = Debug|x86
		{643BEEB8-B82D-4A46-B26D-F544B6A92270}.Debug|x86.Build.0 = Debug|x86
		{643BEEB8-B82D-4A46-B26D-F544B6A92270}.Debug|x86.Deploy.0 = Debug|x86
		{643BEEB8-B82D-4A46-B26D-F544B6A92270}.Release|Any CPU.ActiveCfg = Release|x86
		{643BEEB8-B82D-4A46-B26D-F544B6A92270}.Release|ARM.ActiveCfg = Release|ARM
		{643BEEB8-B82D-4A46-B26D-F544B6A92270}.Release|ARM.Build.0 = Release|ARM
		{643BEEB8-B82D-4A46-B26D-F544B6A92270}.Release|ARM.Deploy.0 = Release|ARM
		{643BEEB8-B82D-4A46-B26D-F544B6A92270}.Release|x64.ActiveCfg = Release|x64
		{643BEEB8-B82D-4A46-B26D-F544B6A92270}.Release|x64.Build.0 = Release|x64
		{643BEEB8-B82D-4A46-B26D-F544B6A92270}.Release|x64.Deploy.0 = Release|x64
		{643BEEB8-B82D-4A46-B26D-F544B6A92270}.Release|x86.ActiveCfg = Release|x86
		{643BEEB8-B82D-4A46-B26D-F544B6A92270}.Release|x86.Build.0 = Release|x86
		{643BEEB8-B82D-4A46-B26D-F544B6A92270}.Release|x86.Deploy.0 = Release|x86
		{60910066-7196-4C0D-A403-7BCFCD94EB0E}.Debug|Any CPU.ActiveCfg = Debug|Any CPU
		{60910066-7196-4C0D-A403-7BCFCD94EB0E}.Debug|Any CPU.Build.0 = Debug|Any CPU
		{60910066-7196-4C0D-A403-7BCFCD94EB0E}.Debug|ARM.ActiveCfg = Debug|Any CPU
		{60910066-7196-4C0D-A403-7BCFCD94EB0E}.Debug|ARM.Build.0 = Debug|Any CPU
		{60910066-7196-4C0D-A403-7BCFCD94EB0E}.Debug|x64.ActiveCfg = Debug|Any CPU
		{60910066-7196-4C0D-A403-7BCFCD94EB0E}.Debug|x64.Build.0 = Debug|Any CPU
		{60910066-7196-4C0D-A403-7BCFCD94EB0E}.Debug|x86.ActiveCfg = Debug|Any CPU
		{60910066-7196-4C0D-A403-7BCFCD94EB0E}.Debug|x86.Build.0 = Debug|Any CPU
		{60910066-7196-4C0D-A403-7BCFCD94EB0E}.Release|Any CPU.ActiveCfg = Release|Any CPU
		{60910066-7196-4C0D-A403-7BCFCD94EB0E}.Release|Any CPU.Build.0 = Release|Any CPU
		{60910066-7196-4C0D-A403-7BCFCD94EB0E}.Release|ARM.ActiveCfg = Release|Any CPU
		{60910066-7196-4C0D-A403-7BCFCD94EB0E}.Release|ARM.Build.0 = Release|Any CPU
		{60910066-7196-4C0D-A403-7BCFCD94EB0E}.Release|x64.ActiveCfg = Release|Any CPU
		{60910066-7196-4C0D-A403-7BCFCD94EB0E}.Release|x64.Build.0 = Release|Any CPU
		{60910066-7196-4C0D-A403-7BCFCD94EB0E}.Release|x86.ActiveCfg = Release|Any CPU
		{60910066-7196-4C0D-A403-7BCFCD94EB0E}.Release|x86.Build.0 = Release|Any CPU
		{F2CE8348-7853-4653-AD25-B5BDAE7CC1A7}.Debug|Any CPU.ActiveCfg = Debug|Any CPU
		{F2CE8348-7853-4653-AD25-B5BDAE7CC1A7}.Debug|Any CPU.Build.0 = Debug|Any CPU
		{F2CE8348-7853-4653-AD25-B5BDAE7CC1A7}.Debug|ARM.ActiveCfg = Debug|Any CPU
		{F2CE8348-7853-4653-AD25-B5BDAE7CC1A7}.Debug|ARM.Build.0 = Debug|Any CPU
		{F2CE8348-7853-4653-AD25-B5BDAE7CC1A7}.Debug|x64.ActiveCfg = Debug|Any CPU
		{F2CE8348-7853-4653-AD25-B5BDAE7CC1A7}.Debug|x64.Build.0 = Debug|Any CPU
		{F2CE8348-7853-4653-AD25-B5BDAE7CC1A7}.Debug|x86.ActiveCfg = Debug|Any CPU
		{F2CE8348-7853-4653-AD25-B5BDAE7CC1A7}.Debug|x86.Build.0 = Debug|Any CPU
		{F2CE8348-7853-4653-AD25-B5BDAE7CC1A7}.Release|Any CPU.ActiveCfg = Release|Any CPU
		{F2CE8348-7853-4653-AD25-B5BDAE7CC1A7}.Release|Any CPU.Build.0 = Release|Any CPU
		{F2CE8348-7853-4653-AD25-B5BDAE7CC1A7}.Release|ARM.ActiveCfg = Release|Any CPU
		{F2CE8348-7853-4653-AD25-B5BDAE7CC1A7}.Release|ARM.Build.0 = Release|Any CPU
		{F2CE8348-7853-4653-AD25-B5BDAE7CC1A7}.Release|x64.ActiveCfg = Release|Any CPU
		{F2CE8348-7853-4653-AD25-B5BDAE7CC1A7}.Release|x64.Build.0 = Release|Any CPU
		{F2CE8348-7853-4653-AD25-B5BDAE7CC1A7}.Release|x86.ActiveCfg = Release|Any CPU
		{F2CE8348-7853-4653-AD25-B5BDAE7CC1A7}.Release|x86.Build.0 = Release|Any CPU
		{AA031D2F-1B76-47BE-9188-8ED01CA7F9BA}.Debug|Any CPU.ActiveCfg = Debug|Any CPU
		{AA031D2F-1B76-47BE-9188-8ED01CA7F9BA}.Debug|Any CPU.Build.0 = Debug|Any CPU
		{AA031D2F-1B76-47BE-9188-8ED01CA7F9BA}.Debug|ARM.ActiveCfg = Debug|Any CPU
		{AA031D2F-1B76-47BE-9188-8ED01CA7F9BA}.Debug|ARM.Build.0 = Debug|Any CPU
		{AA031D2F-1B76-47BE-9188-8ED01CA7F9BA}.Debug|x64.ActiveCfg = Debug|Any CPU
		{AA031D2F-1B76-47BE-9188-8ED01CA7F9BA}.Debug|x64.Build.0 = Debug|Any CPU
		{AA031D2F-1B76-47BE-9188-8ED01CA7F9BA}.Debug|x86.ActiveCfg = Debug|Any CPU
		{AA031D2F-1B76-47BE-9188-8ED01CA7F9BA}.Debug|x86.Build.0 = Debug|Any CPU
		{AA031D2F-1B76-47BE-9188-8ED01CA7F9BA}.Release|Any CPU.ActiveCfg = Release|Any CPU
		{AA031D2F-1B76-47BE-9188-8ED01CA7F9BA}.Release|Any CPU.Build.0 = Release|Any CPU
		{AA031D2F-1B76-47BE-9188-8ED01CA7F9BA}.Release|ARM.ActiveCfg = Release|Any CPU
		{AA031D2F-1B76-47BE-9188-8ED01CA7F9BA}.Release|ARM.Build.0 = Release|Any CPU
		{AA031D2F-1B76-47BE-9188-8ED01CA7F9BA}.Release|x64.ActiveCfg = Release|Any CPU
		{AA031D2F-1B76-47BE-9188-8ED01CA7F9BA}.Release|x64.Build.0 = Release|Any CPU
		{AA031D2F-1B76-47BE-9188-8ED01CA7F9BA}.Release|x86.ActiveCfg = Release|Any CPU
		{AA031D2F-1B76-47BE-9188-8ED01CA7F9BA}.Release|x86.Build.0 = Release|Any CPU
	EndGlobalSection
	GlobalSection(SolutionProperties) = preSolution
		HideSolutionNode = FALSE
	EndGlobalSection
	GlobalSection(ExtensibilityGlobals) = postSolution
		SolutionGuid = {511AD42B-EC5B-4EEF-A0A8-7C0D4E63FC46}
	EndGlobalSection
EndGlobal
